// !$*UTF8*$!
{
	archiveVersion = 1;
	classes = {
	};
	objectVersion = 50;
	objects = {

/* Begin PBXBuildFile section */
		1392F9E526594BCB00A31A8F /* AppDelegate.swift in Sources */ = {isa = PBXBuildFile; fileRef = 1392F9E426594BCB00A31A8F /* AppDelegate.swift */; };
		1392F9E726594BCB00A31A8F /* SceneDelegate.swift in Sources */ = {isa = PBXBuildFile; fileRef = 1392F9E626594BCB00A31A8F /* SceneDelegate.swift */; };
		1392F9EC26594BCB00A31A8F /* Main.storyboard in Resources */ = {isa = PBXBuildFile; fileRef = 1392F9EA26594BCB00A31A8F /* Main.storyboard */; };
		1392F9EF26594BCB00A31A8F /* HubbleNews.xcdatamodeld in Sources */ = {isa = PBXBuildFile; fileRef = 1392F9ED26594BCB00A31A8F /* HubbleNews.xcdatamodeld */; };
		1392F9F126594BCE00A31A8F /* Assets.xcassets in Resources */ = {isa = PBXBuildFile; fileRef = 1392F9F026594BCE00A31A8F /* Assets.xcassets */; };
		1392F9F426594BCE00A31A8F /* LaunchScreen.storyboard in Resources */ = {isa = PBXBuildFile; fileRef = 1392F9F226594BCE00A31A8F /* LaunchScreen.storyboard */; };
		1392F9FF26594BCF00A31A8F /* HubbleNewsTests.swift in Sources */ = {isa = PBXBuildFile; fileRef = 1392F9FE26594BCF00A31A8F /* HubbleNewsTests.swift */; };
		1392FA0A26594BCF00A31A8F /* HubbleNewsUITests.swift in Sources */ = {isa = PBXBuildFile; fileRef = 1392FA0926594BCF00A31A8F /* HubbleNewsUITests.swift */; };
		1392FA1D26594CB300A31A8F /* NewsListTableViewController.swift in Sources */ = {isa = PBXBuildFile; fileRef = 1392FA1C26594CB300A31A8F /* NewsListTableViewController.swift */; };
		1392FA1F26594E4800A31A8F /* Webservices.swift in Sources */ = {isa = PBXBuildFile; fileRef = 1392FA1E26594E4800A31A8F /* Webservices.swift */; };
		1392FA2126594F3800A31A8F /* NewsList.swift in Sources */ = {isa = PBXBuildFile; fileRef = 1392FA2026594F3800A31A8F /* NewsList.swift */; };
		1392FA232659512A00A31A8F /* NewsListViewModel.swift in Sources */ = {isa = PBXBuildFile; fileRef = 1392FA222659512A00A31A8F /* NewsListViewModel.swift */; };
		1392FA252659565600A31A8F /* NewsListCell.swift in Sources */ = {isa = PBXBuildFile; fileRef = 1392FA242659565600A31A8F /* NewsListCell.swift */; };
/* End PBXBuildFile section */

/* Begin PBXContainerItemProxy section */
		1392F9FB26594BCF00A31A8F /* PBXContainerItemProxy */ = {
			isa = PBXContainerItemProxy;
			containerPortal = 1392F9D926594BCB00A31A8F /* Project object */;
			proxyType = 1;
			remoteGlobalIDString = 1392F9E026594BCB00A31A8F;
			remoteInfo = HubbleNews;
		};
		1392FA0626594BCF00A31A8F /* PBXContainerItemProxy */ = {
			isa = PBXContainerItemProxy;
			containerPortal = 1392F9D926594BCB00A31A8F /* Project object */;
			proxyType = 1;
			remoteGlobalIDString = 1392F9E026594BCB00A31A8F;
			remoteInfo = HubbleNews;
		};
/* End PBXContainerItemProxy section */

/* Begin PBXFileReference section */
		1392F9E126594BCB00A31A8F /* HubbleNews.app */ = {isa = PBXFileReference; explicitFileType = wrapper.application; includeInIndex = 0; path = HubbleNews.app; sourceTree = BUILT_PRODUCTS_DIR; };
		1392F9E426594BCB00A31A8F /* AppDelegate.swift */ = {isa = PBXFileReference; lastKnownFileType = sourcecode.swift; path = AppDelegate.swift; sourceTree = "<group>"; };
		1392F9E626594BCB00A31A8F /* SceneDelegate.swift */ = {isa = PBXFileReference; lastKnownFileType = sourcecode.swift; path = SceneDelegate.swift; sourceTree = "<group>"; };
		1392F9EB26594BCB00A31A8F /* Base */ = {isa = PBXFileReference; lastKnownFileType = file.storyboard; name = Base; path = Base.lproj/Main.storyboard; sourceTree = "<group>"; };
		1392F9EE26594BCB00A31A8F /* HubbleNews.xcdatamodel */ = {isa = PBXFileReference; lastKnownFileType = wrapper.xcdatamodel; path = HubbleNews.xcdatamodel; sourceTree = "<group>"; };
		1392F9F026594BCE00A31A8F /* Assets.xcassets */ = {isa = PBXFileReference; lastKnownFileType = folder.assetcatalog; path = Assets.xcassets; sourceTree = "<group>"; };
		1392F9F326594BCE00A31A8F /* Base */ = {isa = PBXFileReference; lastKnownFileType = file.storyboard; name = Base; path = Base.lproj/LaunchScreen.storyboard; sourceTree = "<group>"; };
		1392F9F526594BCE00A31A8F /* Info.plist */ = {isa = PBXFileReference; lastKnownFileType = text.plist.xml; path = Info.plist; sourceTree = "<group>"; };
		1392F9FA26594BCF00A31A8F /* HubbleNewsTests.xctest */ = {isa = PBXFileReference; explicitFileType = wrapper.cfbundle; includeInIndex = 0; path = HubbleNewsTests.xctest; sourceTree = BUILT_PRODUCTS_DIR; };
		1392F9FE26594BCF00A31A8F /* HubbleNewsTests.swift */ = {isa = PBXFileReference; lastKnownFileType = sourcecode.swift; path = HubbleNewsTests.swift; sourceTree = "<group>"; };
		1392FA0026594BCF00A31A8F /* Info.plist */ = {isa = PBXFileReference; lastKnownFileType = text.plist.xml; path = Info.plist; sourceTree = "<group>"; };
		1392FA0526594BCF00A31A8F /* HubbleNewsUITests.xctest */ = {isa = PBXFileReference; explicitFileType = wrapper.cfbundle; includeInIndex = 0; path = HubbleNewsUITests.xctest; sourceTree = BUILT_PRODUCTS_DIR; };
		1392FA0926594BCF00A31A8F /* HubbleNewsUITests.swift */ = {isa = PBXFileReference; lastKnownFileType = sourcecode.swift; path = HubbleNewsUITests.swift; sourceTree = "<group>"; };
		1392FA0B26594BCF00A31A8F /* Info.plist */ = {isa = PBXFileReference; lastKnownFileType = text.plist.xml; path = Info.plist; sourceTree = "<group>"; };
		1392FA1C26594CB300A31A8F /* NewsListTableViewController.swift */ = {isa = PBXFileReference; lastKnownFileType = sourcecode.swift; path = NewsListTableViewController.swift; sourceTree = "<group>"; };
		1392FA1E26594E4800A31A8F /* Webservices.swift */ = {isa = PBXFileReference; lastKnownFileType = sourcecode.swift; path = Webservices.swift; sourceTree = "<group>"; };
		1392FA2026594F3800A31A8F /* NewsList.swift */ = {isa = PBXFileReference; lastKnownFileType = sourcecode.swift; path = NewsList.swift; sourceTree = "<group>"; };
		1392FA222659512A00A31A8F /* NewsListViewModel.swift */ = {isa = PBXFileReference; lastKnownFileType = sourcecode.swift; path = NewsListViewModel.swift; sourceTree = "<group>"; };
		1392FA242659565600A31A8F /* NewsListCell.swift */ = {isa = PBXFileReference; lastKnownFileType = sourcecode.swift; path = NewsListCell.swift; sourceTree = "<group>"; };
/* End PBXFileReference section */

/* Begin PBXFrameworksBuildPhase section */
		1392F9DE26594BCB00A31A8F /* Frameworks */ = {
			isa = PBXFrameworksBuildPhase;
			buildActionMask = 2147483647;
			files = (
			);
			runOnlyForDeploymentPostprocessing = 0;
		};
		1392F9F726594BCF00A31A8F /* Frameworks */ = {
			isa = PBXFrameworksBuildPhase;
			buildActionMask = 2147483647;
			files = (
			);
			runOnlyForDeploymentPostprocessing = 0;
		};
		1392FA0226594BCF00A31A8F /* Frameworks */ = {
			isa = PBXFrameworksBuildPhase;
			buildActionMask = 2147483647;
			files = (
			);
			runOnlyForDeploymentPostprocessing = 0;
		};
/* End PBXFrameworksBuildPhase section */

/* Begin PBXGroup section */
		1392F9D826594BCB00A31A8F = {
			isa = PBXGroup;
			children = (
				1392F9E326594BCB00A31A8F /* HubbleNews */,
				1392F9FD26594BCF00A31A8F /* HubbleNewsTests */,
				1392FA0826594BCF00A31A8F /* HubbleNewsUITests */,
				1392F9E226594BCB00A31A8F /* Products */,
			);
			sourceTree = "<group>";
		};
		1392F9E226594BCB00A31A8F /* Products */ = {
			isa = PBXGroup;
			children = (
				1392F9E126594BCB00A31A8F /* HubbleNews.app */,
				1392F9FA26594BCF00A31A8F /* HubbleNewsTests.xctest */,
				1392FA0526594BCF00A31A8F /* HubbleNewsUITests.xctest */,
			);
			name = Products;
			sourceTree = "<group>";
		};
		1392F9E326594BCB00A31A8F /* HubbleNews */ = {
			isa = PBXGroup;
			children = (
				1392FA1726594BED00A31A8F /* Launcher */,
				1392FA1B26594C2000A31A8F /* Web Services */,
				1392FA1A26594C1A00A31A8F /* Model */,
				1392FA1926594C1100A31A8F /* View Model */,
				1392FA1826594C0600A31A8F /* Controller */,
				1392F9EA26594BCB00A31A8F /* Main.storyboard */,
				1392F9F026594BCE00A31A8F /* Assets.xcassets */,
				1392F9F226594BCE00A31A8F /* LaunchScreen.storyboard */,
				1392F9F526594BCE00A31A8F /* Info.plist */,
				1392F9ED26594BCB00A31A8F /* HubbleNews.xcdatamodeld */,
			);
			path = HubbleNews;
			sourceTree = "<group>";
		};
		1392F9FD26594BCF00A31A8F /* HubbleNewsTests */ = {
			isa = PBXGroup;
			children = (
				1392F9FE26594BCF00A31A8F /* HubbleNewsTests.swift */,
				1392FA0026594BCF00A31A8F /* Info.plist */,
			);
			path = HubbleNewsTests;
			sourceTree = "<group>";
		};
		1392FA0826594BCF00A31A8F /* HubbleNewsUITests */ = {
			isa = PBXGroup;
			children = (
				1392FA0926594BCF00A31A8F /* HubbleNewsUITests.swift */,
				1392FA0B26594BCF00A31A8F /* Info.plist */,
			);
			path = HubbleNewsUITests;
			sourceTree = "<group>";
		};
		1392FA1726594BED00A31A8F /* Launcher */ = {
			isa = PBXGroup;
			children = (
				1392F9E626594BCB00A31A8F /* SceneDelegate.swift */,
				1392F9E426594BCB00A31A8F /* AppDelegate.swift */,
			);
			path = Launcher;
			sourceTree = "<group>";
		};
		1392FA1826594C0600A31A8F /* Controller */ = {
			isa = PBXGroup;
			children = (
				1392FA1C26594CB300A31A8F /* NewsListTableViewController.swift */,
				1392FA242659565600A31A8F /* NewsListCell.swift */,
			);
			path = Controller;
			sourceTree = "<group>";
		};
		1392FA1926594C1100A31A8F /* View Model */ = {
			isa = PBXGroup;
			children = (
				1392FA222659512A00A31A8F /* NewsListViewModel.swift */,
			);
			path = "View Model";
			sourceTree = "<group>";
		};
		1392FA1A26594C1A00A31A8F /* Model */ = {
			isa = PBXGroup;
			children = (
				1392FA2026594F3800A31A8F /* NewsList.swift */,
			);
			path = Model;
			sourceTree = "<group>";
		};
		1392FA1B26594C2000A31A8F /* Web Services */ = {
			isa = PBXGroup;
			children = (
				1392FA1E26594E4800A31A8F /* Webservices.swift */,
			);
			path = "Web Services";
			sourceTree = "<group>";
		};
/* End PBXGroup section */

/* Begin PBXNativeTarget section */
		1392F9E026594BCB00A31A8F /* HubbleNews */ = {
			isa = PBXNativeTarget;
			buildConfigurationList = 1392FA0E26594BCF00A31A8F /* Build configuration list for PBXNativeTarget "HubbleNews" */;
			buildPhases = (
				1392F9DD26594BCB00A31A8F /* Sources */,
				1392F9DE26594BCB00A31A8F /* Frameworks */,
				1392F9DF26594BCB00A31A8F /* Resources */,
			);
			buildRules = (
			);
			dependencies = (
			);
			name = HubbleNews;
			productName = HubbleNews;
			productReference = 1392F9E126594BCB00A31A8F /* HubbleNews.app */;
			productType = "com.apple.product-type.application";
		};
		1392F9F926594BCF00A31A8F /* HubbleNewsTests */ = {
			isa = PBXNativeTarget;
			buildConfigurationList = 1392FA1126594BCF00A31A8F /* Build configuration list for PBXNativeTarget "HubbleNewsTests" */;
			buildPhases = (
				1392F9F626594BCF00A31A8F /* Sources */,
				1392F9F726594BCF00A31A8F /* Frameworks */,
				1392F9F826594BCF00A31A8F /* Resources */,
			);
			buildRules = (
			);
			dependencies = (
				1392F9FC26594BCF00A31A8F /* PBXTargetDependency */,
			);
			name = HubbleNewsTests;
			productName = HubbleNewsTests;
			productReference = 1392F9FA26594BCF00A31A8F /* HubbleNewsTests.xctest */;
			productType = "com.apple.product-type.bundle.unit-test";
		};
		1392FA0426594BCF00A31A8F /* HubbleNewsUITests */ = {
			isa = PBXNativeTarget;
			buildConfigurationList = 1392FA1426594BCF00A31A8F /* Build configuration list for PBXNativeTarget "HubbleNewsUITests" */;
			buildPhases = (
				1392FA0126594BCF00A31A8F /* Sources */,
				1392FA0226594BCF00A31A8F /* Frameworks */,
				1392FA0326594BCF00A31A8F /* Resources */,
			);
			buildRules = (
			);
			dependencies = (
				1392FA0726594BCF00A31A8F /* PBXTargetDependency */,
			);
			name = HubbleNewsUITests;
			productName = HubbleNewsUITests;
			productReference = 1392FA0526594BCF00A31A8F /* HubbleNewsUITests.xctest */;
			productType = "com.apple.product-type.bundle.ui-testing";
		};
/* End PBXNativeTarget section */

/* Begin PBXProject section */
		1392F9D926594BCB00A31A8F /* Project object */ = {
			isa = PBXProject;
			attributes = {
				LastSwiftUpdateCheck = 1250;
				LastUpgradeCheck = 1250;
				TargetAttributes = {
					1392F9E026594BCB00A31A8F = {
						CreatedOnToolsVersion = 12.5;
					};
					1392F9F926594BCF00A31A8F = {
						CreatedOnToolsVersion = 12.5;
						TestTargetID = 1392F9E026594BCB00A31A8F;
					};
					1392FA0426594BCF00A31A8F = {
						CreatedOnToolsVersion = 12.5;
						TestTargetID = 1392F9E026594BCB00A31A8F;
					};
				};
			};
			buildConfigurationList = 1392F9DC26594BCB00A31A8F /* Build configuration list for PBXProject "HubbleNews" */;
			compatibilityVersion = "Xcode 9.3";
			developmentRegion = en;
			hasScannedForEncodings = 0;
			knownRegions = (
				en,
				Base,
			);
			mainGroup = 1392F9D826594BCB00A31A8F;
			productRefGroup = 1392F9E226594BCB00A31A8F /* Products */;
			projectDirPath = "";
			projectRoot = "";
			targets = (
				1392F9E026594BCB00A31A8F /* HubbleNews */,
				1392F9F926594BCF00A31A8F /* HubbleNewsTests */,
				1392FA0426594BCF00A31A8F /* HubbleNewsUITests */,
			);
		};
/* End PBXProject section */

/* Begin PBXResourcesBuildPhase section */
		1392F9DF26594BCB00A31A8F /* Resources */ = {
			isa = PBXResourcesBuildPhase;
			buildActionMask = 2147483647;
			files = (
				1392F9F426594BCE00A31A8F /* LaunchScreen.storyboard in Resources */,
				1392F9F126594BCE00A31A8F /* Assets.xcassets in Resources */,
				1392F9EC26594BCB00A31A8F /* Main.storyboard in Resources */,
			);
			runOnlyForDeploymentPostprocessing = 0;
		};
		1392F9F826594BCF00A31A8F /* Resources */ = {
			isa = PBXResourcesBuildPhase;
			buildActionMask = 2147483647;
			files = (
			);
			runOnlyForDeploymentPostprocessing = 0;
		};
		1392FA0326594BCF00A31A8F /* Resources */ = {
			isa = PBXResourcesBuildPhase;
			buildActionMask = 2147483647;
			files = (
			);
			runOnlyForDeploymentPostprocessing = 0;
		};
/* End PBXResourcesBuildPhase section */

/* Begin PBXSourcesBuildPhase section */
		1392F9DD26594BCB00A31A8F /* Sources */ = {
			isa = PBXSourcesBuildPhase;
			buildActionMask = 2147483647;
			files = (
				1392FA2126594F3800A31A8F /* NewsList.swift in Sources */,
				1392FA232659512A00A31A8F /* NewsListViewModel.swift in Sources */,
				1392FA1F26594E4800A31A8F /* Webservices.swift in Sources */,
				1392FA1D26594CB300A31A8F /* NewsListTableViewController.swift in Sources */,
				1392F9E526594BCB00A31A8F /* AppDelegate.swift in Sources */,
				1392F9EF26594BCB00A31A8F /* HubbleNews.xcdatamodeld in Sources */,
				1392FA252659565600A31A8F /* NewsListCell.swift in Sources */,
				1392F9E726594BCB00A31A8F /* SceneDelegate.swift in Sources */,
			);
			runOnlyForDeploymentPostprocessing = 0;
		};
		1392F9F626594BCF00A31A8F /* Sources */ = {
			isa = PBXSourcesBuildPhase;
			buildActionMask = 2147483647;
			files = (
				1392F9FF26594BCF00A31A8F /* HubbleNewsTests.swift in Sources */,
			);
			runOnlyForDeploymentPostprocessing = 0;
		};
		1392FA0126594BCF00A31A8F /* Sources */ = {
			isa = PBXSourcesBuildPhase;
			buildActionMask = 2147483647;
			files = (
				1392FA0A26594BCF00A31A8F /* HubbleNewsUITests.swift in Sources */,
			);
			runOnlyForDeploymentPostprocessing = 0;
		};
/* End PBXSourcesBuildPhase section */

/* Begin PBXTargetDependency section */
		1392F9FC26594BCF00A31A8F /* PBXTargetDependency */ = {
			isa = PBXTargetDependency;
			target = 1392F9E026594BCB00A31A8F /* HubbleNews */;
			targetProxy = 1392F9FB26594BCF00A31A8F /* PBXContainerItemProxy */;
		};
		1392FA0726594BCF00A31A8F /* PBXTargetDependency */ = {
			isa = PBXTargetDependency;
			target = 1392F9E026594BCB00A31A8F /* HubbleNews */;
			targetProxy = 1392FA0626594BCF00A31A8F /* PBXContainerItemProxy */;
		};
/* End PBXTargetDependency section */

/* Begin PBXVariantGroup section */
		1392F9EA26594BCB00A31A8F /* Main.storyboard */ = {
			isa = PBXVariantGroup;
			children = (
				1392F9EB26594BCB00A31A8F /* Base */,
			);
			name = Main.storyboard;
			sourceTree = "<group>";
		};
		1392F9F226594BCE00A31A8F /* LaunchScreen.storyboard */ = {
			isa = PBXVariantGroup;
			children = (
				1392F9F326594BCE00A31A8F /* Base */,
			);
			name = LaunchScreen.storyboard;
			sourceTree = "<group>";
		};
/* End PBXVariantGroup section */

/* Begin XCBuildConfiguration section */
		1392FA0C26594BCF00A31A8F /* Debug */ = {
			isa = XCBuildConfiguration;
			buildSettings = {
				ALWAYS_SEARCH_USER_PATHS = NO;
				CLANG_ANALYZER_NONNULL = YES;
				CLANG_ANALYZER_NUMBER_OBJECT_CONVERSION = YES_AGGRESSIVE;
				CLANG_CXX_LANGUAGE_STANDARD = "gnu++14";
				CLANG_CXX_LIBRARY = "libc++";
				CLANG_ENABLE_MODULES = YES;
				CLANG_ENABLE_OBJC_ARC = YES;
				CLANG_ENABLE_OBJC_WEAK = YES;
				CLANG_WARN_BLOCK_CAPTURE_AUTORELEASING = YES;
				CLANG_WARN_BOOL_CONVERSION = YES;
				CLANG_WARN_COMMA = YES;
				CLANG_WARN_CONSTANT_CONVERSION = YES;
				CLANG_WARN_DEPRECATED_OBJC_IMPLEMENTATIONS = YES;
				CLANG_WARN_DIRECT_OBJC_ISA_USAGE = YES_ERROR;
				CLANG_WARN_DOCUMENTATION_COMMENTS = YES;
				CLANG_WARN_EMPTY_BODY = YES;
				CLANG_WARN_ENUM_CONVERSION = YES;
				CLANG_WARN_INFINITE_RECURSION = YES;
				CLANG_WARN_INT_CONVERSION = YES;
				CLANG_WARN_NON_LITERAL_NULL_CONVERSION = YES;
				CLANG_WARN_OBJC_IMPLICIT_RETAIN_SELF = YES;
				CLANG_WARN_OBJC_LITERAL_CONVERSION = YES;
				CLANG_WARN_OBJC_ROOT_CLASS = YES_ERROR;
				CLANG_WARN_QUOTED_INCLUDE_IN_FRAMEWORK_HEADER = YES;
				CLANG_WARN_RANGE_LOOP_ANALYSIS = YES;
				CLANG_WARN_STRICT_PROTOTYPES = YES;
				CLANG_WARN_SUSPICIOUS_MOVE = YES;
				CLANG_WARN_UNGUARDED_AVAILABILITY = YES_AGGRESSIVE;
				CLANG_WARN_UNREACHABLE_CODE = YES;
				CLANG_WARN__DUPLICATE_METHOD_MATCH = YES;
				COPY_PHASE_STRIP = NO;
				DEBUG_INFORMATION_FORMAT = dwarf;
				ENABLE_STRICT_OBJC_MSGSEND = YES;
				ENABLE_TESTABILITY = YES;
				GCC_C_LANGUAGE_STANDARD = gnu11;
				GCC_DYNAMIC_NO_PIC = NO;
				GCC_NO_COMMON_BLOCKS = YES;
				GCC_OPTIMIZATION_LEVEL = 0;
				GCC_PREPROCESSOR_DEFINITIONS = (
					"DEBUG=1",
					"$(inherited)",
				);
				GCC_WARN_64_TO_32_BIT_CONVERSION = YES;
				GCC_WARN_ABOUT_RETURN_TYPE = YES_ERROR;
				GCC_WARN_UNDECLARED_SELECTOR = YES;
				GCC_WARN_UNINITIALIZED_AUTOS = YES_AGGRESSIVE;
				GCC_WARN_UNUSED_FUNCTION = YES;
				GCC_WARN_UNUSED_VARIABLE = YES;
				IPHONEOS_DEPLOYMENT_TARGET = 14.5;
				MTL_ENABLE_DEBUG_INFO = INCLUDE_SOURCE;
				MTL_FAST_MATH = YES;
				ONLY_ACTIVE_ARCH = YES;
				SDKROOT = iphoneos;
				SWIFT_ACTIVE_COMPILATION_CONDITIONS = DEBUG;
				SWIFT_OPTIMIZATION_LEVEL = "-Onone";
			};
			name = Debug;
		};
		1392FA0D26594BCF00A31A8F /* Release */ = {
			isa = XCBuildConfiguration;
			buildSettings = {
				ALWAYS_SEARCH_USER_PATHS = NO;
				CLANG_ANALYZER_NONNULL = YES;
				CLANG_ANALYZER_NUMBER_OBJECT_CONVERSION = YES_AGGRESSIVE;
				CLANG_CXX_LANGUAGE_STANDARD = "gnu++14";
				CLANG_CXX_LIBRARY = "libc++";
				CLANG_ENABLE_MODULES = YES;
				CLANG_ENABLE_OBJC_ARC = YES;
				CLANG_ENABLE_OBJC_WEAK = YES;
				CLANG_WARN_BLOCK_CAPTURE_AUTORELEASING = YES;
				CLANG_WARN_BOOL_CONVERSION = YES;
				CLANG_WARN_COMMA = YES;
				CLANG_WARN_CONSTANT_CONVERSION = YES;
				CLANG_WARN_DEPRECATED_OBJC_IMPLEMENTATIONS = YES;
				CLANG_WARN_DIRECT_OBJC_ISA_USAGE = YES_ERROR;
				CLANG_WARN_DOCUMENTATION_COMMENTS = YES;
				CLANG_WARN_EMPTY_BODY = YES;
				CLANG_WARN_ENUM_CONVERSION = YES;
				CLANG_WARN_INFINITE_RECURSION = YES;
				CLANG_WARN_INT_CONVERSION = YES;
				CLANG_WARN_NON_LITERAL_NULL_CONVERSION = YES;
				CLANG_WARN_OBJC_IMPLICIT_RETAIN_SELF = YES;
				CLANG_WARN_OBJC_LITERAL_CONVERSION = YES;
				CLANG_WARN_OBJC_ROOT_CLASS = YES_ERROR;
				CLANG_WARN_QUOTED_INCLUDE_IN_FRAMEWORK_HEADER = YES;
				CLANG_WARN_RANGE_LOOP_ANALYSIS = YES;
				CLANG_WARN_STRICT_PROTOTYPES = YES;
				CLANG_WARN_SUSPICIOUS_MOVE = YES;
				CLANG_WARN_UNGUARDED_AVAILABILITY = YES_AGGRESSIVE;
				CLANG_WARN_UNREACHABLE_CODE = YES;
				CLANG_WARN__DUPLICATE_METHOD_MATCH = YES;
				COPY_PHASE_STRIP = NO;
				DEBUG_INFORMATION_FORMAT = "dwarf-with-dsym";
				ENABLE_NS_ASSERTIONS = NO;
				ENABLE_STRICT_OBJC_MSGSEND = YES;
				GCC_C_LANGUAGE_STANDARD = gnu11;
				GCC_NO_COMMON_BLOCKS = YES;
				GCC_WARN_64_TO_32_BIT_CONVERSION = YES;
				GCC_WARN_ABOUT_RETURN_TYPE = YES_ERROR;
				GCC_WARN_UNDECLARED_SELECTOR = YES;
				GCC_WARN_UNINITIALIZED_AUTOS = YES_AGGRESSIVE;
				GCC_WARN_UNUSED_FUNCTION = YES;
				GCC_WARN_UNUSED_VARIABLE = YES;
				IPHONEOS_DEPLOYMENT_TARGET = 14.5;
				MTL_ENABLE_DEBUG_INFO = NO;
				MTL_FAST_MATH = YES;
				SDKROOT = iphoneos;
				SWIFT_COMPILATION_MODE = wholemodule;
				SWIFT_OPTIMIZATION_LEVEL = "-O";
				VALIDATE_PRODUCT = YES;
			};
			name = Release;
		};
		1392FA0F26594BCF00A31A8F /* Debug */ = {
			isa = XCBuildConfiguration;
			buildSettings = {
				ASSETCATALOG_COMPILER_APPICON_NAME = AppIcon;
				ASSETCATALOG_COMPILER_GLOBAL_ACCENT_COLOR_NAME = AccentColor;
				CODE_SIGN_STYLE = Automatic;
				INFOPLIST_FILE = HubbleNews/Info.plist;
				LD_RUNPATH_SEARCH_PATHS = (
					"$(inherited)",
					"@executable_path/Frameworks",
				);
				PRODUCT_BUNDLE_IDENTIFIER = com.test.HubbleNews;
				PRODUCT_NAME = "$(TARGET_NAME)";
				SWIFT_VERSION = 5.0;
				TARGETED_DEVICE_FAMILY = "1,2";
			};
			name = Debug;
		};
		1392FA1026594BCF00A31A8F /* Release */ = {
			isa = XCBuildConfiguration;
			buildSettings = {
				ASSETCATALOG_COMPILER_APPICON_NAME = AppIcon;
				ASSETCATALOG_COMPILER_GLOBAL_ACCENT_COLOR_NAME = AccentColor;
				CODE_SIGN_STYLE = Automatic;
				INFOPLIST_FILE = HubbleNews/Info.plist;
				LD_RUNPATH_SEARCH_PATHS = (
					"$(inherited)",
					"@executable_path/Frameworks",
				);
				PRODUCT_BUNDLE_IDENTIFIER = com.test.HubbleNews;
				PRODUCT_NAME = "$(TARGET_NAME)";
				SWIFT_VERSION = 5.0;
				TARGETED_DEVICE_FAMILY = "1,2";
			};
			name = Release;
		};
		1392FA1226594BCF00A31A8F /* Debug */ = {
			isa = XCBuildConfiguration;
			buildSettings = {
				ALWAYS_EMBED_SWIFT_STANDARD_LIBRARIES = YES;
				BUNDLE_LOADER = "$(TEST_HOST)";
				CODE_SIGN_STYLE = Automatic;
				INFOPLIST_FILE = HubbleNewsTests/Info.plist;
				IPHONEOS_DEPLOYMENT_TARGET = 14.5;
				LD_RUNPATH_SEARCH_PATHS = (
					"$(inherited)",
					"@executable_path/Frameworks",
					"@loader_path/Frameworks",
				);
				PRODUCT_BUNDLE_IDENTIFIER = com.test.HubbleNewsTests;
				PRODUCT_NAME = "$(TARGET_NAME)";
				SWIFT_VERSION = 5.0;
				TARGETED_DEVICE_FAMILY = "1,2";
				TEST_HOST = "$(BUILT_PRODUCTS_DIR)/HubbleNews.app/HubbleNews";
			};
			name = Debug;
		};
		1392FA1326594BCF00A31A8F /* Release */ = {
			isa = XCBuildConfiguration;
			buildSettings = {
				ALWAYS_EMBED_SWIFT_STANDARD_LIBRARIES = YES;
				BUNDLE_LOADER = "$(TEST_HOST)";
				CODE_SIGN_STYLE = Automatic;
				INFOPLIST_FILE = HubbleNewsTests/Info.plist;
				IPHONEOS_DEPLOYMENT_TARGET = 14.5;
				LD_RUNPATH_SEARCH_PATHS = (
					"$(inherited)",
					"@executable_path/Frameworks",
					"@loader_path/Frameworks",
				);
				PRODUCT_BUNDLE_IDENTIFIER = com.test.HubbleNewsTests;
				PRODUCT_NAME = "$(TARGET_NAME)";
				SWIFT_VERSION = 5.0;
				TARGETED_DEVICE_FAMILY = "1,2";
				TEST_HOST = "$(BUILT_PRODUCTS_DIR)/HubbleNews.app/HubbleNews";
			};
			name = Release;
		};
		1392FA1526594BCF00A31A8F /* Debug */ = {
			isa = XCBuildConfiguration;
			buildSettings = {
				ALWAYS_EMBED_SWIFT_STANDARD_LIBRARIES = YES;
				CODE_SIGN_STYLE = Automatic;
				INFOPLIST_FILE = HubbleNewsUITests/Info.plist;
				LD_RUNPATH_SEARCH_PATHS = (
					"$(inherited)",
					"@executable_path/Frameworks",
					"@loader_path/Frameworks",
				);
				PRODUCT_BUNDLE_IDENTIFIER = com.test.HubbleNewsUITests;
				PRODUCT_NAME = "$(TARGET_NAME)";
				SWIFT_VERSION = 5.0;
				TARGETED_DEVICE_FAMILY = "1,2";
				TEST_TARGET_NAME = HubbleNews;
			};
			name = Debug;
		};
		1392FA1626594BCF00A31A8F /* Release */ = {
			isa = XCBuildConfiguration;
			buildSettings = {
				ALWAYS_EMBED_SWIFT_STANDARD_LIBRARIES = YES;
				CODE_SIGN_STYLE = Automatic;
				INFOPLIST_FILE = HubbleNewsUITests/Info.plist;
				LD_RUNPATH_SEARCH_PATHS = (
					"$(inherited)",
					"@executable_path/Frameworks",
					"@loader_path/Frameworks",
				);
				PRODUCT_BUNDLE_IDENTIFIER = com.test.HubbleNewsUITests;
				PRODUCT_NAME = "$(TARGET_NAME)";
				SWIFT_VERSION = 5.0;
				TARGETED_DEVICE_FAMILY = "1,2";
				TEST_TARGET_NAME = HubbleNews;
			};
			name = Release;
		};
/* End XCBuildConfiguration section */

/* Begin XCConfigurationList section */
		1392F9DC26594BCB00A31A8F /* Build configuration list for PBXProject "HubbleNews" */ = {
			isa = XCConfigurationList;
			buildConfigurations = (
				1392FA0C26594BCF00A31A8F /* Debug */,
				1392FA0D26594BCF00A31A8F /* Release */,
			);
			defaultConfigurationIsVisible = 0;
			defaultConfigurationName = Release;
		};
		1392FA0E26594BCF00A31A8F /* Build configuration list for PBXNativeTarget "HubbleNews" */ = {
			isa = XCConfigurationList;
			buildConfigurations = (
				1392FA0F26594BCF00A31A8F /* Debug */,
				1392FA1026594BCF00A31A8F /* Release */,
			);
			defaultConfigurationIsVisible = 0;
			defaultConfigurationName = Release;
		};
		1392FA1126594BCF00A31A8F /* Build configuration list for PBXNativeTarget "HubbleNewsTests" */ = {
			isa = XCConfigurationList;
			buildConfigurations = (
				1392FA1226594BCF00A31A8F /* Debug */,
				1392FA1326594BCF00A31A8F /* Release */,
			);
			defaultConfigurationIsVisible = 0;
			defaultConfigurationName = Release;
		};
		1392FA1426594BCF00A31A8F /* Build configuration list for PBXNativeTarget "HubbleNewsUITests" */ = {
			isa = XCConfigurationList;
			buildConfigurations = (
				1392FA1526594BCF00A31A8F /* Debug */,
				1392FA1626594BCF00A31A8F /* Release */,
			);
			defaultConfigurationIsVisible = 0;
			defaultConfigurationName = Release;
		};
/* End XCConfigurationList section */

/* Begin XCVersionGroup section */
		1392F9ED26594BCB00A31A8F /* HubbleNews.xcdatamodeld */ = {
			isa = XCVersionGroup;
			children = (
				1392F9EE26594BCB00A31A8F /* HubbleNews.xcdatamodel */,
			);
			currentVersion = 1392F9EE26594BCB00A31A8F /* HubbleNews.xcdatamodel */;
			path = HubbleNews.xcdatamodeld;
			sourceTree = "<group>";
			versionGroupType = wrapper.xcdatamodel;
		};
/* End XCVersionGroup section */
	};
	rootObject = 1392F9D926594BCB00A31A8F /* Project object */;
}
